
Microsoft Visual Studio Solution File, Format Version 12.00
# Visual Studio Version 16
VisualStudioVersion = 16.0.29728.190
MinimumVisualStudioVersion = 10.0.40219.1
Project("{FAE04EC0-301F-11D3-BF4B-00C04F79EFBC}") = "ConsoleApp1", "ConsoleApp1\ConsoleApp1.csproj", "{73B5FE0E-A1E5-44B3-8CAE-95C5EFC93E40}"
EndProject
Global
	GlobalSection(SolutionConfigurationPlatforms) = preSolution
		Debug|Any CPU = Debug|Any CPU
		Release|Any CPU = Release|Any CPU
	EndGlobalSection
	GlobalSection(ProjectConfigurationPlatforms) = postSolution
		{73B5FE0E-A1E5-44B3-8CAE-95C5EFC93E40}.Debug|Any CPU.ActiveCfg = Debug|Any CPU
		{73B5FE0E-A1E5-44B3-8CAE-95C5EFC93E40}.Debug|Any CPU.Build.0 = Debug|Any CPU
		{73B5FE0E-A1E5-44B3-8CAE-95C5EFC93E40}.Release|Any CPU.ActiveCfg = Release|Any CPU
		{73B5FE0E-A1E5-44B3-8CAE-95C5EFC93E40}.Release|Any CPU.Build.0 = Release|Any CPU
	EndGlobalSection
	GlobalSection(SolutionProperties) = preSolution
		HideSolutionNode = FALSE
	EndGlobalSection
	GlobalSection(ExtensibilityGlobals) = postSolution
		SolutionGuid = {E770CA00-C5BC-4274-A5A5-E11955F1317E}
	EndGlobalSection
EndGlobal
